{
  "definitions": [
    {
      "protopath": "api:/:resourcediscovery:/:v1alpha1:/:resource_discovery_v1alpha1.proto",
      "def": {
        "enums": [
          {
            "name": "StreamResponse.Operation",
            "enum_fields": [
              {
                "name": "UNKNOWN"
              },
              {
                "name": "CREATE",
                "integer": 1
              },
              {
                "name": "UPDATE",
                "integer": 2
              },
              {
                "name": "DELETE",
                "integer": 3
              }
            ]
          }
        ],
        "messages": [
          {
            "name": "StreamRequest",
            "fields": [
              {
                "id": 1,
                "name": "resource_url",
                "type": "string"
              },
              {
                "id": 2,
                "name": "response_nonce",
                "type": "string"
              },
              {
                "id": 3,
                "name": "status",
                "type": "google.rpc.Status"
              }
            ]
          },
          {
            "name": "StreamResponse",
            "fields": [
              {
                "id": 1,
                "name": "nonce",
                "type": "string"
              },
              {
                "id": 2,
                "name": "resource_url",
                "type": "string"
              },
              {
                "id": 3,
                "name": "resource",
                "type": "google.protobuf.Any"
              },
              {
                "id": 4,
                "name": "operation",
                "type": "Operation"
              }
            ]
          }
        ],
        "services": [
          {
            "name": "DiscoveryService",
            "rpcs": [
              {
                "name": "EstablishStream",
                "in_type": "StreamRequest",
                "out_type": "StreamResponse",
                "in_streamed": true,
                "out_streamed": true
              }
            ]
          }
        ],
        "imports": [
          {
            "path": "google/protobuf/any.proto"
          },
          {
            "path": "google/rpc/status.proto"
          }
        ],
        "package": {
          "name": "federation.resourcediscovery.v1alpha1"
        },
        "options": [
          {
            "name": "go_package",
            "value": "resourcediscovery/v1alpha1"
          }
        ]
      }
    },
    {
      "protopath": "api:/:types:/:v1alpha1:/:federated_service_v1alpha1.proto",
      "def": {
        "messages": [
          {
            "name": "FederatedService",
            "fields": [
              {
                "id": 1,
                "name": "name",
                "type": "string"
              },
              {
                "id": 2,
                "name": "description",
                "type": "string"
              },
              {
                "id": 3,
                "name": "tags",
                "type": "string",
                "is_repeated": true
              },
              {
                "id": 5,
                "name": "fqdn",
                "type": "string"
              },
              {
                "id": 6,
                "name": "id",
                "type": "string"
              },
              {
                "id": 7,
                "name": "san",
                "type": "string"
              },
              {
                "id": 8,
                "name": "protocols",
                "type": "string",
                "is_repeated": true
              },
              {
                "id": 9,
                "name": "endpoints",
                "type": "Endpoint",
                "is_repeated": true
              }
            ],
            "maps": [
              {
                "key_type": "string",
                "field": {
                  "id": 4,
                  "name": "labels",
                  "type": "string"
                }
              }
            ],
            "messages": [
              {
                "name": "Endpoint",
                "fields": [
                  {
                    "id": 1,
                    "name": "address",
                    "type": "string"
                  },
                  {
                    "id": 2,
                    "name": "port",
                    "type": "uint32"
                  }
                ]
              }
            ]
          }
        ],
        "package": {
          "name": "federation.types.v1alpha1"
        },
        "options": [
          {
            "name": "go_package",
            "value": "types/v1alpha1"
          }
        ]
      }
    },
    {
      "protopath": "external:/:google:/:rpc:/:status.proto",
      "def": {
        "messages": [
          {
            "name": "Status",
            "fields": [
              {
                "id": 1,
                "name": "code",
                "type": "int32"
              },
              {
                "id": 2,
                "name": "message",
                "type": "string"
              },
              {
                "id": 3,
                "name": "details",
                "type": "google.protobuf.Any",
                "is_repeated": true
              }
            ]
          }
        ],
        "imports": [
          {
            "path": "google/protobuf/any.proto"
          }
        ],
        "package": {
          "name": "google.rpc"
        },
        "options": [
          {
            "name": "go_package",
            "value": "google.golang.org/genproto/googleapis/rpc/status;status"
          },
          {
            "name": "java_multiple_files",
            "value": "true"
          },
          {
            "name": "java_outer_classname",
            "value": "StatusProto"
          },
          {
            "name": "java_package",
            "value": "com.google.rpc"
          },
          {
            "name": "objc_class_prefix",
            "value": "RPC"
          }
        ]
      }
    }
  ]
}